
Microsoft Visual Studio Solution File, Format Version 12.00
# Visual Studio Version 16
VisualStudioVersion = 16.0.31313.79
MinimumVisualStudioVersion = 10.0.40219.1
Project("{FAE04EC0-301F-11D3-BF4B-00C04F79EFBC}") = "Condition", "Condition\Condition.csproj", "{76FFC49E-E433-462F-9955-085280A97CE3}"
EndProject
Global
	GlobalSection(SolutionConfigurationPlatforms) = preSolution
		Debug|Any CPU = Debug|Any CPU
		Release|Any CPU = Release|Any CPU
	EndGlobalSection
	GlobalSection(ProjectConfigurationPlatforms) = postSolution
		{76FFC49E-E433-462F-9955-085280A97CE3}.Debug|Any CPU.ActiveCfg = Debug|Any CPU
		{76FFC49E-E433-462F-9955-085280A97CE3}.Debug|Any CPU.Build.0 = Debug|Any CPU
		{76FFC49E-E433-462F-9955-085280A97CE3}.Release|Any CPU.ActiveCfg = Release|Any CPU
		{76FFC49E-E433-462F-9955-085280A97CE3}.Release|Any CPU.Build.0 = Release|Any CPU
	EndGlobalSection
	GlobalSection(SolutionProperties) = preSolution
		HideSolutionNode = FALSE
	EndGlobalSection
	GlobalSection(ExtensibilityGlobals) = postSolution
		SolutionGuid = {7699CE02-D555-4BE6-97AD-69AC02678F4E}
	EndGlobalSection
EndGlobal
