
Microsoft Visual Studio Solution File, Format Version 12.00
# Visual Studio Version 16
VisualStudioVersion = 16.0.31313.79
MinimumVisualStudioVersion = 10.0.40219.1
Project("{FAE04EC0-301F-11D3-BF4B-00C04F79EFBC}") = "doWhileLoop", "doWhileLoop\doWhileLoop.csproj", "{F64BAA92-4E9E-4BE8-9DAA-72434B920C38}"
EndProject
Global
	GlobalSection(SolutionConfigurationPlatforms) = preSolution
		Debug|Any CPU = Debug|Any CPU
		Release|Any CPU = Release|Any CPU
	EndGlobalSection
	GlobalSection(ProjectConfigurationPlatforms) = postSolution
		{F64BAA92-4E9E-4BE8-9DAA-72434B920C38}.Debug|Any CPU.ActiveCfg = Debug|Any CPU
		{F64BAA92-4E9E-4BE8-9DAA-72434B920C38}.Debug|Any CPU.Build.0 = Debug|Any CPU
		{F64BAA92-4E9E-4BE8-9DAA-72434B920C38}.Release|Any CPU.ActiveCfg = Release|Any CPU
		{F64BAA92-4E9E-4BE8-9DAA-72434B920C38}.Release|Any CPU.Build.0 = Release|Any CPU
	EndGlobalSection
	GlobalSection(SolutionProperties) = preSolution
		HideSolutionNode = FALSE
	EndGlobalSection
	GlobalSection(ExtensibilityGlobals) = postSolution
		SolutionGuid = {3FDF4317-0B44-4813-98D2-C842F82BA9FF}
	EndGlobalSection
EndGlobal
