
Microsoft Visual Studio Solution File, Format Version 12.00
# Visual Studio Version 16
VisualStudioVersion = 16.0.31313.79
MinimumVisualStudioVersion = 10.0.40219.1
Project("{FAE04EC0-301F-11D3-BF4B-00C04F79EFBC}") = "2D array", "2D array\2D array.csproj", "{73516D9F-6A3B-448F-AF73-BB394A719455}"
EndProject
Global
	GlobalSection(SolutionConfigurationPlatforms) = preSolution
		Debug|Any CPU = Debug|Any CPU
		Release|Any CPU = Release|Any CPU
	EndGlobalSection
	GlobalSection(ProjectConfigurationPlatforms) = postSolution
		{73516D9F-6A3B-448F-AF73-BB394A719455}.Debug|Any CPU.ActiveCfg = Debug|Any CPU
		{73516D9F-6A3B-448F-AF73-BB394A719455}.Debug|Any CPU.Build.0 = Debug|Any CPU
		{73516D9F-6A3B-448F-AF73-BB394A719455}.Release|Any CPU.ActiveCfg = Release|Any CPU
		{73516D9F-6A3B-448F-AF73-BB394A719455}.Release|Any CPU.Build.0 = Release|Any CPU
	EndGlobalSection
	GlobalSection(SolutionProperties) = preSolution
		HideSolutionNode = FALSE
	EndGlobalSection
	GlobalSection(ExtensibilityGlobals) = postSolution
		SolutionGuid = {AE1D1D27-25BA-49E3-A4AA-B4E3EDCDC460}
	EndGlobalSection
EndGlobal
