
Microsoft Visual Studio Solution File, Format Version 12.00
# Visual Studio Version 16
VisualStudioVersion = 16.0.31313.79
MinimumVisualStudioVersion = 10.0.40219.1
Project("{FAE04EC0-301F-11D3-BF4B-00C04F79EFBC}") = "OOP2", "OOP2\OOP2.csproj", "{AFF5F0F9-9806-4F65-94D0-A87761C5BF40}"
EndProject
Global
	GlobalSection(SolutionConfigurationPlatforms) = preSolution
		Debug|Any CPU = Debug|Any CPU
		Release|Any CPU = Release|Any CPU
	EndGlobalSection
	GlobalSection(ProjectConfigurationPlatforms) = postSolution
		{AFF5F0F9-9806-4F65-94D0-A87761C5BF40}.Debug|Any CPU.ActiveCfg = Debug|Any CPU
		{AFF5F0F9-9806-4F65-94D0-A87761C5BF40}.Debug|Any CPU.Build.0 = Debug|Any CPU
		{AFF5F0F9-9806-4F65-94D0-A87761C5BF40}.Release|Any CPU.ActiveCfg = Release|Any CPU
		{AFF5F0F9-9806-4F65-94D0-A87761C5BF40}.Release|Any CPU.Build.0 = Release|Any CPU
	EndGlobalSection
	GlobalSection(SolutionProperties) = preSolution
		HideSolutionNode = FALSE
	EndGlobalSection
	GlobalSection(ExtensibilityGlobals) = postSolution
		SolutionGuid = {2B5C93A7-CE26-4C68-840A-1C09103CBB69}
	EndGlobalSection
EndGlobal
